
Microsoft Visual Studio Solution File, Format Version 12.00
# Visual Studio Version 16
VisualStudioVersion = 16.0.29806.167
MinimumVisualStudioVersion = 10.0.40219.1
Project("{FAE04EC0-301F-11D3-BF4B-00C04F79EFBC}") = "Encrypt-Decrypt.Algorithms", "Encrypt-Decrypt.Algorithms\Encrypt-Decrypt.Algorithms.csproj", "{4CD8488E-A63A-4C27-9BFB-E13E9B170EA0}"
EndProject
Global
	GlobalSection(SolutionConfigurationPlatforms) = preSolution
		Debug|Any CPU = Debug|Any CPU
		Release|Any CPU = Release|Any CPU
	EndGlobalSection
	GlobalSection(ProjectConfigurationPlatforms) = postSolution
		{4CD8488E-A63A-4C27-9BFB-E13E9B170EA0}.Debug|Any CPU.ActiveCfg = Debug|Any CPU
		{4CD8488E-A63A-4C27-9BFB-E13E9B170EA0}.Debug|Any CPU.Build.0 = Debug|Any CPU
		{4CD8488E-A63A-4C27-9BFB-E13E9B170EA0}.Release|Any CPU.ActiveCfg = Release|Any CPU
		{4CD8488E-A63A-4C27-9BFB-E13E9B170EA0}.Release|Any CPU.Build.0 = Release|Any CPU
	EndGlobalSection
	GlobalSection(SolutionProperties) = preSolution
		HideSolutionNode = FALSE
	EndGlobalSection
	GlobalSection(ExtensibilityGlobals) = postSolution
		SolutionGuid = {70873F5B-0352-4450-AF12-8A75C0F4ECB9}
	EndGlobalSection
EndGlobal
